{
  "object": {
    "pins": [
      {
        "package": "Introspect",
        "repositoryURL": "https://github.com/siteline/SwiftUI-Introspect.git",
        "state": {
          "branch": "master",
          "revision": "07ec9bb46181e58cc0ea04b3191329ff8249df3c",
          "version": null
        }
      }
    ]
  },
  "version": 1
}
